// !$*UTF8*$!
{
	archiveVersion = 1;
	classes = {
	};
	objectVersion = 46;
	objects = {

/* Begin PBXBuildFile section */
		539F004E1DDC4C6B00EE825C /* AppDelegate.swift in Sources */ = {isa = PBXBuildFile; fileRef = 539F004D1DDC4C6B00EE825C /* AppDelegate.swift */; };
		539F00501DDC4C6B00EE825C /* ViewController.swift in Sources */ = {isa = PBXBuildFile; fileRef = 539F004F1DDC4C6B00EE825C /* ViewController.swift */; };
		539F00531DDC4C6B00EE825C /* Main.storyboard in Resources */ = {isa = PBXBuildFile; fileRef = 539F00511DDC4C6B00EE825C /* Main.storyboard */; };
		539F00551DDC4C6B00EE825C /* Assets.xcassets in Resources */ = {isa = PBXBuildFile; fileRef = 539F00541DDC4C6B00EE825C /* Assets.xcassets */; };
		539F00581DDC4C6B00EE825C /* LaunchScreen.storyboard in Resources */ = {isa = PBXBuildFile; fileRef = 539F00561DDC4C6B00EE825C /* LaunchScreen.storyboard */; };
		539F00631DDC4C6B00EE825C /* HtmlTesterTests.swift in Sources */ = {isa = PBXBuildFile; fileRef = 539F00621DDC4C6B00EE825C /* HtmlTesterTests.swift */; };
		539F006E1DDC4C6B00EE825C /* HtmlTesterUITests.swift in Sources */ = {isa = PBXBuildFile; fileRef = 539F006D1DDC4C6B00EE825C /* HtmlTesterUITests.swift */; };
		539F007C1DDC4FB700EE825C /* ref in Resources */ = {isa = PBXBuildFile; fileRef = 539F007B1DDC4FB700EE825C /* ref */; };
/* End PBXBuildFile section */

/* Begin PBXContainerItemProxy section */
		539F005F1DDC4C6B00EE825C /* PBXContainerItemProxy */ = {
			isa = PBXContainerItemProxy;
			containerPortal = 539F00421DDC4C6B00EE825C /* Project object */;
			proxyType = 1;
			remoteGlobalIDString = 539F00491DDC4C6B00EE825C;
			remoteInfo = HtmlTester;
		};
		539F006A1DDC4C6B00EE825C /* PBXContainerItemProxy */ = {
			isa = PBXContainerItemProxy;
			containerPortal = 539F00421DDC4C6B00EE825C /* Project object */;
			proxyType = 1;
			remoteGlobalIDString = 539F00491DDC4C6B00EE825C;
			remoteInfo = HtmlTester;
		};
/* End PBXContainerItemProxy section */

/* Begin PBXFileReference section */
		539F004A1DDC4C6B00EE825C /* HtmlTester.app */ = {isa = PBXFileReference; explicitFileType = wrapper.application; includeInIndex = 0; path = HtmlTester.app; sourceTree = BUILT_PRODUCTS_DIR; };
		539F004D1DDC4C6B00EE825C /* AppDelegate.swift */ = {isa = PBXFileReference; lastKnownFileType = sourcecode.swift; path = AppDelegate.swift; sourceTree = "<group>"; };
		539F004F1DDC4C6B00EE825C /* ViewController.swift */ = {isa = PBXFileReference; lastKnownFileType = sourcecode.swift; path = ViewController.swift; sourceTree = "<group>"; };
		539F00521DDC4C6B00EE825C /* Base */ = {isa = PBXFileReference; lastKnownFileType = file.storyboard; name = Base; path = Base.lproj/Main.storyboard; sourceTree = "<group>"; };
		539F00541DDC4C6B00EE825C /* Assets.xcassets */ = {isa = PBXFileReference; lastKnownFileType = folder.assetcatalog; path = Assets.xcassets; sourceTree = "<group>"; };
		539F00571DDC4C6B00EE825C /* Base */ = {isa = PBXFileReference; lastKnownFileType = file.storyboard; name = Base; path = Base.lproj/LaunchScreen.storyboard; sourceTree = "<group>"; };
		539F00591DDC4C6B00EE825C /* Info.plist */ = {isa = PBXFileReference; lastKnownFileType = text.plist.xml; path = Info.plist; sourceTree = "<group>"; };
		539F005E1DDC4C6B00EE825C /* HtmlTesterTests.xctest */ = {isa = PBXFileReference; explicitFileType = wrapper.cfbundle; includeInIndex = 0; path = HtmlTesterTests.xctest; sourceTree = BUILT_PRODUCTS_DIR; };
		539F00621DDC4C6B00EE825C /* HtmlTesterTests.swift */ = {isa = PBXFileReference; lastKnownFileType = sourcecode.swift; path = HtmlTesterTests.swift; sourceTree = "<group>"; };
		539F00641DDC4C6B00EE825C /* Info.plist */ = {isa = PBXFileReference; lastKnownFileType = text.plist.xml; path = Info.plist; sourceTree = "<group>"; };
		539F00691DDC4C6B00EE825C /* HtmlTesterUITests.xctest */ = {isa = PBXFileReference; explicitFileType = wrapper.cfbundle; includeInIndex = 0; path = HtmlTesterUITests.xctest; sourceTree = BUILT_PRODUCTS_DIR; };
		539F006D1DDC4C6B00EE825C /* HtmlTesterUITests.swift */ = {isa = PBXFileReference; lastKnownFileType = sourcecode.swift; path = HtmlTesterUITests.swift; sourceTree = "<group>"; };
		539F006F1DDC4C6B00EE825C /* Info.plist */ = {isa = PBXFileReference; lastKnownFileType = text.plist.xml; path = Info.plist; sourceTree = "<group>"; };
		539F007B1DDC4FB700EE825C /* ref */ = {isa = PBXFileReference; lastKnownFileType = folder; path = ref; sourceTree = "<group>"; };
/* End PBXFileReference section */

/* Begin PBXFrameworksBuildPhase section */
		539F00471DDC4C6B00EE825C /* Frameworks */ = {
			isa = PBXFrameworksBuildPhase;
			buildActionMask = 2147483647;
			files = (
			);
			runOnlyForDeploymentPostprocessing = 0;
		};
		539F005B1DDC4C6B00EE825C /* Frameworks */ = {
			isa = PBXFrameworksBuildPhase;
			buildActionMask = 2147483647;
			files = (
			);
			runOnlyForDeploymentPostprocessing = 0;
		};
		539F00661DDC4C6B00EE825C /* Frameworks */ = {
			isa = PBXFrameworksBuildPhase;
			buildActionMask = 2147483647;
			files = (
			);
			runOnlyForDeploymentPostprocessing = 0;
		};
/* End PBXFrameworksBuildPhase section */

/* Begin PBXGroup section */
		539F00411DDC4C6B00EE825C = {
			isa = PBXGroup;
			children = (
				539F007B1DDC4FB700EE825C /* ref */,
				539F004C1DDC4C6B00EE825C /* HtmlTester */,
				539F00611DDC4C6B00EE825C /* HtmlTesterTests */,
				539F006C1DDC4C6B00EE825C /* HtmlTesterUITests */,
				539F004B1DDC4C6B00EE825C /* Products */,
			);
			sourceTree = "<group>";
		};
		539F004B1DDC4C6B00EE825C /* Products */ = {
			isa = PBXGroup;
			children = (
				539F004A1DDC4C6B00EE825C /* HtmlTester.app */,
				539F005E1DDC4C6B00EE825C /* HtmlTesterTests.xctest */,
				539F00691DDC4C6B00EE825C /* HtmlTesterUITests.xctest */,
			);
			name = Products;
			sourceTree = "<group>";
		};
		539F004C1DDC4C6B00EE825C /* HtmlTester */ = {
			isa = PBXGroup;
			children = (
				539F004D1DDC4C6B00EE825C /* AppDelegate.swift */,
				539F004F1DDC4C6B00EE825C /* ViewController.swift */,
				539F00511DDC4C6B00EE825C /* Main.storyboard */,
				539F00541DDC4C6B00EE825C /* Assets.xcassets */,
				539F00561DDC4C6B00EE825C /* LaunchScreen.storyboard */,
				539F00591DDC4C6B00EE825C /* Info.plist */,
			);
			path = HtmlTester;
			sourceTree = "<group>";
		};
		539F00611DDC4C6B00EE825C /* HtmlTesterTests */ = {
			isa = PBXGroup;
			children = (
				539F00621DDC4C6B00EE825C /* HtmlTesterTests.swift */,
				539F00641DDC4C6B00EE825C /* Info.plist */,
			);
			path = HtmlTesterTests;
			sourceTree = "<group>";
		};
		539F006C1DDC4C6B00EE825C /* HtmlTesterUITests */ = {
			isa = PBXGroup;
			children = (
				539F006D1DDC4C6B00EE825C /* HtmlTesterUITests.swift */,
				539F006F1DDC4C6B00EE825C /* Info.plist */,
			);
			path = HtmlTesterUITests;
			sourceTree = "<group>";
		};
/* End PBXGroup section */

/* Begin PBXNativeTarget section */
		539F00491DDC4C6B00EE825C /* HtmlTester */ = {
			isa = PBXNativeTarget;
			buildConfigurationList = 539F00721DDC4C6B00EE825C /* Build configuration list for PBXNativeTarget "HtmlTester" */;
			buildPhases = (
				539F00461DDC4C6B00EE825C /* Sources */,
				539F00471DDC4C6B00EE825C /* Frameworks */,
				539F00481DDC4C6B00EE825C /* Resources */,
			);
			buildRules = (
			);
			dependencies = (
			);
			name = HtmlTester;
			productName = HtmlTester;
			productReference = 539F004A1DDC4C6B00EE825C /* HtmlTester.app */;
			productType = "com.apple.product-type.application";
		};
		539F005D1DDC4C6B00EE825C /* HtmlTesterTests */ = {
			isa = PBXNativeTarget;
			buildConfigurationList = 539F00751DDC4C6B00EE825C /* Build configuration list for PBXNativeTarget "HtmlTesterTests" */;
			buildPhases = (
				539F005A1DDC4C6B00EE825C /* Sources */,
				539F005B1DDC4C6B00EE825C /* Frameworks */,
				539F005C1DDC4C6B00EE825C /* Resources */,
			);
			buildRules = (
			);
			dependencies = (
				539F00601DDC4C6B00EE825C /* PBXTargetDependency */,
			);
			name = HtmlTesterTests;
			productName = HtmlTesterTests;
			productReference = 539F005E1DDC4C6B00EE825C /* HtmlTesterTests.xctest */;
			productType = "com.apple.product-type.bundle.unit-test";
		};
		539F00681DDC4C6B00EE825C /* HtmlTesterUITests */ = {
			isa = PBXNativeTarget;
			buildConfigurationList = 539F00781DDC4C6B00EE825C /* Build configuration list for PBXNativeTarget "HtmlTesterUITests" */;
			buildPhases = (
				539F00651DDC4C6B00EE825C /* Sources */,
				539F00661DDC4C6B00EE825C /* Frameworks */,
				539F00671DDC4C6B00EE825C /* Resources */,
			);
			buildRules = (
			);
			dependencies = (
				539F006B1DDC4C6B00EE825C /* PBXTargetDependency */,
			);
			name = HtmlTesterUITests;
			productName = HtmlTesterUITests;
			productReference = 539F00691DDC4C6B00EE825C /* HtmlTesterUITests.xctest */;
			productType = "com.apple.product-type.bundle.ui-testing";
		};
/* End PBXNativeTarget section */

/* Begin PBXProject section */
		539F00421DDC4C6B00EE825C /* Project object */ = {
			isa = PBXProject;
			attributes = {
				LastSwiftUpdateCheck = 0810;
				LastUpgradeCheck = 0810;
				ORGANIZATIONNAME = "Icebog,Hsieh";
				TargetAttributes = {
					539F00491DDC4C6B00EE825C = {
						CreatedOnToolsVersion = 8.1;
						DevelopmentTeam = RY86T9U7V6;
						ProvisioningStyle = Automatic;
					};
					539F005D1DDC4C6B00EE825C = {
						CreatedOnToolsVersion = 8.1;
						DevelopmentTeam = RY86T9U7V6;
						ProvisioningStyle = Automatic;
						TestTargetID = 539F00491DDC4C6B00EE825C;
					};
					539F00681DDC4C6B00EE825C = {
						CreatedOnToolsVersion = 8.1;
						DevelopmentTeam = RY86T9U7V6;
						ProvisioningStyle = Automatic;
						TestTargetID = 539F00491DDC4C6B00EE825C;
					};
				};
			};
			buildConfigurationList = 539F00451DDC4C6B00EE825C /* Build configuration list for PBXProject "HtmlTester" */;
			compatibilityVersion = "Xcode 3.2";
			developmentRegion = English;
			hasScannedForEncodings = 0;
			knownRegions = (
				en,
				Base,
			);
			mainGroup = 539F00411DDC4C6B00EE825C;
			productRefGroup = 539F004B1DDC4C6B00EE825C /* Products */;
			projectDirPath = "";
			projectRoot = "";
			targets = (
				539F00491DDC4C6B00EE825C /* HtmlTester */,
				539F005D1DDC4C6B00EE825C /* HtmlTesterTests */,
				539F00681DDC4C6B00EE825C /* HtmlTesterUITests */,
			);
		};
/* End PBXProject section */

/* Begin PBXResourcesBuildPhase section */
		539F00481DDC4C6B00EE825C /* Resources */ = {
			isa = PBXResourcesBuildPhase;
			buildActionMask = 2147483647;
			files = (
				539F007C1DDC4FB700EE825C /* ref in Resources */,
				539F00581DDC4C6B00EE825C /* LaunchScreen.storyboard in Resources */,
				539F00551DDC4C6B00EE825C /* Assets.xcassets in Resources */,
				539F00531DDC4C6B00EE825C /* Main.storyboard in Resources */,
			);
			runOnlyForDeploymentPostprocessing = 0;
		};
		539F005C1DDC4C6B00EE825C /* Resources */ = {
			isa = PBXResourcesBuildPhase;
			buildActionMask = 2147483647;
			files = (
			);
			runOnlyForDeploymentPostprocessing = 0;
		};
		539F00671DDC4C6B00EE825C /* Resources */ = {
			isa = PBXResourcesBuildPhase;
			buildActionMask = 2147483647;
			files = (
			);
			runOnlyForDeploymentPostprocessing = 0;
		};
/* End PBXResourcesBuildPhase section */

/* Begin PBXSourcesBuildPhase section */
		539F00461DDC4C6B00EE825C /* Sources */ = {
			isa = PBXSourcesBuildPhase;
			buildActionMask = 2147483647;
			files = (
				539F00501DDC4C6B00EE825C /* ViewController.swift in Sources */,
				539F004E1DDC4C6B00EE825C /* AppDelegate.swift in Sources */,
			);
			runOnlyForDeploymentPostprocessing = 0;
		};
		539F005A1DDC4C6B00EE825C /* Sources */ = {
			isa = PBXSourcesBuildPhase;
			buildActionMask = 2147483647;
			files = (
				539F00631DDC4C6B00EE825C /* HtmlTesterTests.swift in Sources */,
			);
			runOnlyForDeploymentPostprocessing = 0;
		};
		539F00651DDC4C6B00EE825C /* Sources */ = {
			isa = PBXSourcesBuildPhase;
			buildActionMask = 2147483647;
			files = (
				539F006E1DDC4C6B00EE825C /* HtmlTesterUITests.swift in Sources */,
			);
			runOnlyForDeploymentPostprocessing = 0;
		};
/* End PBXSourcesBuildPhase section */

/* Begin PBXTargetDependency section */
		539F00601DDC4C6B00EE825C /* PBXTargetDependency */ = {
			isa = PBXTargetDependency;
			target = 539F00491DDC4C6B00EE825C /* HtmlTester */;
			targetProxy = 539F005F1DDC4C6B00EE825C /* PBXContainerItemProxy */;
		};
		539F006B1DDC4C6B00EE825C /* PBXTargetDependency */ = {
			isa = PBXTargetDependency;
			target = 539F00491DDC4C6B00EE825C /* HtmlTester */;
			targetProxy = 539F006A1DDC4C6B00EE825C /* PBXContainerItemProxy */;
		};
/* End PBXTargetDependency section */

/* Begin PBXVariantGroup section */
		539F00511DDC4C6B00EE825C /* Main.storyboard */ = {
			isa = PBXVariantGroup;
			children = (
				539F00521DDC4C6B00EE825C /* Base */,
			);
			name = Main.storyboard;
			sourceTree = "<group>";
		};
		539F00561DDC4C6B00EE825C /* LaunchScreen.storyboard */ = {
			isa = PBXVariantGroup;
			children = (
				539F00571DDC4C6B00EE825C /* Base */,
			);
			name = LaunchScreen.storyboard;
			sourceTree = "<group>";
		};
/* End PBXVariantGroup section */

/* Begin XCBuildConfiguration section */
		539F00701DDC4C6B00EE825C /* Debug */ = {
			isa = XCBuildConfiguration;
			buildSettings = {
				ALWAYS_SEARCH_USER_PATHS = NO;
				CLANG_ANALYZER_NONNULL = YES;
				CLANG_CXX_LANGUAGE_STANDARD = "gnu++0x";
				CLANG_CXX_LIBRARY = "libc++";
				CLANG_ENABLE_MODULES = YES;
				CLANG_ENABLE_OBJC_ARC = YES;
				CLANG_WARN_BOOL_CONVERSION = YES;
				CLANG_WARN_CONSTANT_CONVERSION = YES;
				CLANG_WARN_DIRECT_OBJC_ISA_USAGE = YES_ERROR;
				CLANG_WARN_DOCUMENTATION_COMMENTS = YES;
				CLANG_WARN_EMPTY_BODY = YES;
				CLANG_WARN_ENUM_CONVERSION = YES;
				CLANG_WARN_INFINITE_RECURSION = YES;
				CLANG_WARN_INT_CONVERSION = YES;
				CLANG_WARN_OBJC_ROOT_CLASS = YES_ERROR;
				CLANG_WARN_SUSPICIOUS_MOVES = YES;
				CLANG_WARN_UNREACHABLE_CODE = YES;
				CLANG_WARN__DUPLICATE_METHOD_MATCH = YES;
				"CODE_SIGN_IDENTITY[sdk=iphoneos*]" = "iPhone Developer";
				COPY_PHASE_STRIP = NO;
				DEBUG_INFORMATION_FORMAT = dwarf;
				ENABLE_STRICT_OBJC_MSGSEND = YES;
				ENABLE_TESTABILITY = YES;
				GCC_C_LANGUAGE_STANDARD = gnu99;
				GCC_DYNAMIC_NO_PIC = NO;
				GCC_NO_COMMON_BLOCKS = YES;
				GCC_OPTIMIZATION_LEVEL = 0;
				GCC_PREPROCESSOR_DEFINITIONS = (
					"DEBUG=1",
					"$(inherited)",
				);
				GCC_WARN_64_TO_32_BIT_CONVERSION = YES;
				GCC_WARN_ABOUT_RETURN_TYPE = YES_ERROR;
				GCC_WARN_UNDECLARED_SELECTOR = YES;
				GCC_WARN_UNINITIALIZED_AUTOS = YES_AGGRESSIVE;
				GCC_WARN_UNUSED_FUNCTION = YES;
				GCC_WARN_UNUSED_VARIABLE = YES;
				IPHONEOS_DEPLOYMENT_TARGET = 10.1;
				MTL_ENABLE_DEBUG_INFO = YES;
				ONLY_ACTIVE_ARCH = YES;
				SDKROOT = iphoneos;
				SWIFT_ACTIVE_COMPILATION_CONDITIONS = DEBUG;
				SWIFT_OPTIMIZATION_LEVEL = "-Onone";
			};
			name = Debug;
		};
		539F00711DDC4C6B00EE825C /* Release */ = {
			isa = XCBuildConfiguration;
			buildSettings = {
				ALWAYS_SEARCH_USER_PATHS = NO;
				CLANG_ANALYZER_NONNULL = YES;
				CLANG_CXX_LANGUAGE_STANDARD = "gnu++0x";
				CLANG_CXX_LIBRARY = "libc++";
				CLANG_ENABLE_MODULES = YES;
				CLANG_ENABLE_OBJC_ARC = YES;
				CLANG_WARN_BOOL_CONVERSION = YES;
				CLANG_WARN_CONSTANT_CONVERSION = YES;
				CLANG_WARN_DIRECT_OBJC_ISA_USAGE = YES_ERROR;
				CLANG_WARN_DOCUMENTATION_COMMENTS = YES;
				CLANG_WARN_EMPTY_BODY = YES;
				CLANG_WARN_ENUM_CONVERSION = YES;
				CLANG_WARN_INFINITE_RECURSION = YES;
				CLANG_WARN_INT_CONVERSION = YES;
				CLANG_WARN_OBJC_ROOT_CLASS = YES_ERROR;
				CLANG_WARN_SUSPICIOUS_MOVES = YES;
				CLANG_WARN_UNREACHABLE_CODE = YES;
				CLANG_WARN__DUPLICATE_METHOD_MATCH = YES;
				"CODE_SIGN_IDENTITY[sdk=iphoneos*]" = "iPhone Developer";
				COPY_PHASE_STRIP = NO;
				DEBUG_INFORMATION_FORMAT = "dwarf-with-dsym";
				ENABLE_NS_ASSERTIONS = NO;
				ENABLE_STRICT_OBJC_MSGSEND = YES;
				GCC_C_LANGUAGE_STANDARD = gnu99;
				GCC_NO_COMMON_BLOCKS = YES;
				GCC_WARN_64_TO_32_BIT_CONVERSION = YES;
				GCC_WARN_ABOUT_RETURN_TYPE = YES_ERROR;
				GCC_WARN_UNDECLARED_SELECTOR = YES;
				GCC_WARN_UNINITIALIZED_AUTOS = YES_AGGRESSIVE;
				GCC_WARN_UNUSED_FUNCTION = YES;
				GCC_WARN_UNUSED_VARIABLE = YES;
				IPHONEOS_DEPLOYMENT_TARGET = 10.1;
				MTL_ENABLE_DEBUG_INFO = NO;
				SDKROOT = iphoneos;
				SWIFT_OPTIMIZATION_LEVEL = "-Owholemodule";
				VALIDATE_PRODUCT = YES;
			};
			name = Release;
		};
		539F00731DDC4C6B00EE825C /* Debug */ = {
			isa = XCBuildConfiguration;
			buildSettings = {
				ASSETCATALOG_COMPILER_APPICON_NAME = AppIcon;
				DEVELOPMENT_TEAM = RY86T9U7V6;
				INFOPLIST_FILE = HtmlTester/Info.plist;
				IPHONEOS_DEPLOYMENT_TARGET = 9.0;
				LD_RUNPATH_SEARCH_PATHS = "$(inherited) @executable_path/Frameworks";
				PRODUCT_BUNDLE_IDENTIFIER = com.IcebogStudio.HtmlTester;
				PRODUCT_NAME = "$(TARGET_NAME)";
				SWIFT_VERSION = 3.0;
			};
			name = Debug;
		};
		539F00741DDC4C6B00EE825C /* Release */ = {
			isa = XCBuildConfiguration;
			buildSettings = {
				ASSETCATALOG_COMPILER_APPICON_NAME = AppIcon;
				DEVELOPMENT_TEAM = RY86T9U7V6;
				INFOPLIST_FILE = HtmlTester/Info.plist;
				IPHONEOS_DEPLOYMENT_TARGET = 9.0;
				LD_RUNPATH_SEARCH_PATHS = "$(inherited) @executable_path/Frameworks";
				PRODUCT_BUNDLE_IDENTIFIER = com.IcebogStudio.HtmlTester;
				PRODUCT_NAME = "$(TARGET_NAME)";
				SWIFT_VERSION = 3.0;
			};
			name = Release;
		};
		539F00761DDC4C6B00EE825C /* Debug */ = {
			isa = XCBuildConfiguration;
			buildSettings = {
				ALWAYS_EMBED_SWIFT_STANDARD_LIBRARIES = YES;
				BUNDLE_LOADER = "$(TEST_HOST)";
				DEVELOPMENT_TEAM = RY86T9U7V6;
				INFOPLIST_FILE = HtmlTesterTests/Info.plist;
				LD_RUNPATH_SEARCH_PATHS = "$(inherited) @executable_path/Frameworks @loader_path/Frameworks";
				PRODUCT_BUNDLE_IDENTIFIER = com.IcebogStudio.HtmlTesterTests;
				PRODUCT_NAME = "$(TARGET_NAME)";
				SWIFT_VERSION = 3.0;
				TEST_HOST = "$(BUILT_PRODUCTS_DIR)/HtmlTester.app/HtmlTester";
			};
			name = Debug;
		};
		539F00771DDC4C6B00EE825C /* Release */ = {
			isa = XCBuildConfiguration;
			buildSettings = {
				ALWAYS_EMBED_SWIFT_STANDARD_LIBRARIES = YES;
				BUNDLE_LOADER = "$(TEST_HOST)";
				DEVELOPMENT_TEAM = RY86T9U7V6;
				INFOPLIST_FILE = HtmlTesterTests/Info.plist;
				LD_RUNPATH_SEARCH_PATHS = "$(inherited) @executable_path/Frameworks @loader_path/Frameworks";
				PRODUCT_BUNDLE_IDENTIFIER = com.IcebogStudio.HtmlTesterTests;
				PRODUCT_NAME = "$(TARGET_NAME)";
				SWIFT_VERSION = 3.0;
				TEST_HOST = "$(BUILT_PRODUCTS_DIR)/HtmlTester.app/HtmlTester";
			};
			name = Release;
		};
		539F00791DDC4C6B00EE825C /* Debug */ = {
			isa = XCBuildConfiguration;
			buildSettings = {
				ALWAYS_EMBED_SWIFT_STANDARD_LIBRARIES = YES;
				DEVELOPMENT_TEAM = RY86T9U7V6;
				INFOPLIST_FILE = HtmlTesterUITests/Info.plist;
				LD_RUNPATH_SEARCH_PATHS = "$(inherited) @executable_path/Frameworks @loader_path/Frameworks";
				PRODUCT_BUNDLE_IDENTIFIER = com.IcebogStudio.HtmlTesterUITests;
				PRODUCT_NAME = "$(TARGET_NAME)";
				SWIFT_VERSION = 3.0;
				TEST_TARGET_NAME = HtmlTester;
			};
			name = Debug;
		};
		539F007A1DDC4C6B00EE825C /* Release */ = {
			isa = XCBuildConfiguration;
			buildSettings = {
				ALWAYS_EMBED_SWIFT_STANDARD_LIBRARIES = YES;
				DEVELOPMENT_TEAM = RY86T9U7V6;
				INFOPLIST_FILE = HtmlTesterUITests/Info.plist;
				LD_RUNPATH_SEARCH_PATHS = "$(inherited) @executable_path/Frameworks @loader_path/Frameworks";
				PRODUCT_BUNDLE_IDENTIFIER = com.IcebogStudio.HtmlTesterUITests;
				PRODUCT_NAME = "$(TARGET_NAME)";
				SWIFT_VERSION = 3.0;
				TEST_TARGET_NAME = HtmlTester;
			};
			name = Release;
		};
/* End XCBuildConfiguration section */

/* Begin XCConfigurationList section */
		539F00451DDC4C6B00EE825C /* Build configuration list for PBXProject "HtmlTester" */ = {
			isa = XCConfigurationList;
			buildConfigurations = (
				539F00701DDC4C6B00EE825C /* Debug */,
				539F00711DDC4C6B00EE825C /* Release */,
			);
			defaultConfigurationIsVisible = 0;
			defaultConfigurationName = Release;
		};
		539F00721DDC4C6B00EE825C /* Build configuration list for PBXNativeTarget "HtmlTester" */ = {
			isa = XCConfigurationList;
			buildConfigurations = (
				539F00731DDC4C6B00EE825C /* Debug */,
				539F00741DDC4C6B00EE825C /* Release */,
			);
			defaultConfigurationIsVisible = 0;
		};
		539F00751DDC4C6B00EE825C /* Build configuration list for PBXNativeTarget "HtmlTesterTests" */ = {
			isa = XCConfigurationList;
			buildConfigurations = (
				539F00761DDC4C6B00EE825C /* Debug */,
				539F00771DDC4C6B00EE825C /* Release */,
			);
			defaultConfigurationIsVisible = 0;
		};
		539F00781DDC4C6B00EE825C /* Build configuration list for PBXNativeTarget "HtmlTesterUITests" */ = {
			isa = XCConfigurationList;
			buildConfigurations = (
				539F00791DDC4C6B00EE825C /* Debug */,
				539F007A1DDC4C6B00EE825C /* Release */,
			);
			defaultConfigurationIsVisible = 0;
		};
/* End XCConfigurationList section */
	};
	rootObject = 539F00421DDC4C6B00EE825C /* Project object */;
}
